
Microsoft Visual Studio Solution File, Format Version 12.00
# Visual Studio Version 17
VisualStudioVersion = 17.3.32901.215
MinimumVisualStudioVersion = 10.0.40219.1
Project("{FAE04EC0-301F-11D3-BF4B-00C04F79EFBC}") = "AMWApplication1", "AMWApplication1\AMWApplication1.csproj", "{01220034-C1CA-4992-BC89-17359A6A9961}"
EndProject
Global
	GlobalSection(SolutionConfigurationPlatforms) = preSolution
		Debug|Any CPU = Debug|Any CPU
		Release|Any CPU = Release|Any CPU
	EndGlobalSection
	GlobalSection(ProjectConfigurationPlatforms) = postSolution
		{01220034-C1CA-4992-BC89-17359A6A9961}.Debug|Any CPU.ActiveCfg = Debug|Any CPU
		{01220034-C1CA-4992-BC89-17359A6A9961}.Debug|Any CPU.Build.0 = Debug|Any CPU
		{01220034-C1CA-4992-BC89-17359A6A9961}.Release|Any CPU.ActiveCfg = Release|Any CPU
		{01220034-C1CA-4992-BC89-17359A6A9961}.Release|Any CPU.Build.0 = Release|Any CPU
	EndGlobalSection
	GlobalSection(SolutionProperties) = preSolution
		HideSolutionNode = FALSE
	EndGlobalSection
	GlobalSection(ExtensibilityGlobals) = postSolution
		SolutionGuid = {25050921-D44B-4E2B-926D-4CBECB2CEF30}
	EndGlobalSection
EndGlobal
